
Microsoft Visual Studio Solution File, Format Version 12.00
# Visual Studio Version 16
VisualStudioVersion = 16.0.30711.63
MinimumVisualStudioVersion = 10.0.40219.1
Project("{FAE04EC0-301F-11D3-BF4B-00C04F79EFBC}") = "AuthenticationAndAuthorization", "AuthenticationAndAuthorization.csproj", "{3FA85FE9-A7DA-45A5-9814-4094E94E8984}"
EndProject
Global
	GlobalSection(SolutionConfigurationPlatforms) = preSolution
		Debug|Any CPU = Debug|Any CPU
		Release|Any CPU = Release|Any CPU
	EndGlobalSection
	GlobalSection(ProjectConfigurationPlatforms) = postSolution
		{3FA85FE9-A7DA-45A5-9814-4094E94E8984}.Debug|Any CPU.ActiveCfg = Debug|Any CPU
		{3FA85FE9-A7DA-45A5-9814-4094E94E8984}.Debug|Any CPU.Build.0 = Debug|Any CPU
		{3FA85FE9-A7DA-45A5-9814-4094E94E8984}.Release|Any CPU.ActiveCfg = Release|Any CPU
		{3FA85FE9-A7DA-45A5-9814-4094E94E8984}.Release|Any CPU.Build.0 = Release|Any CPU
	EndGlobalSection
	GlobalSection(SolutionProperties) = preSolution
		HideSolutionNode = FALSE
	EndGlobalSection
	GlobalSection(ExtensibilityGlobals) = postSolution
		SolutionGuid = {F25E38E5-01ED-4614-92A9-7E81B1917E3D}
	EndGlobalSection
EndGlobal
